
Microsoft Visual Studio Solution File, Format Version 12.00
# Visual Studio Version 16
VisualStudioVersion = 16.0.30225.117
MinimumVisualStudioVersion = 10.0.40219.1
Project("{FAE04EC0-301F-11D3-BF4B-00C04F79EFBC}") = "ConsoleAnimal", "ConsoleAnimal\ConsoleAnimal.csproj", "{8330762F-34D0-4138-A00E-B2F9FBDAFC07}"
EndProject
Global
	GlobalSection(SolutionConfigurationPlatforms) = preSolution
		Debug|Any CPU = Debug|Any CPU
		Release|Any CPU = Release|Any CPU
	EndGlobalSection
	GlobalSection(ProjectConfigurationPlatforms) = postSolution
		{8330762F-34D0-4138-A00E-B2F9FBDAFC07}.Debug|Any CPU.ActiveCfg = Debug|Any CPU
		{8330762F-34D0-4138-A00E-B2F9FBDAFC07}.Debug|Any CPU.Build.0 = Debug|Any CPU
		{8330762F-34D0-4138-A00E-B2F9FBDAFC07}.Release|Any CPU.ActiveCfg = Release|Any CPU
		{8330762F-34D0-4138-A00E-B2F9FBDAFC07}.Release|Any CPU.Build.0 = Release|Any CPU
	EndGlobalSection
	GlobalSection(SolutionProperties) = preSolution
		HideSolutionNode = FALSE
	EndGlobalSection
	GlobalSection(ExtensibilityGlobals) = postSolution
		SolutionGuid = {8D215BB0-570F-4AA4-A496-92C04565EB78}
	EndGlobalSection
EndGlobal
